{
  "name": "ethers-fund-me",
  "version": "1.0.0",
  "lockfileVersion": 3,
  "requires": true,
  "packages": {
    "": {
      "name": "ethers-fund-me",
      "version": "1.0.0",
      "license": "ISC",
      "dependencies": {
        "ethers": "^6.10.0",
        "save": "^2.9.0",
        "solc-js": "^1.0.1"
      }
    },
    "node_modules/@adraffy/ens-normalize": {
      "version": "1.10.0",
      "resolved": "https://registry.npmjs.org/@adraffy/ens-normalize/-/ens-normalize-1.10.0.tgz",
      "integrity": "sha512-nA9XHtlAkYfJxY7bce8DcN7eKxWWCWkU+1GR9d+U6MbNpfwQp8TI7vqOsBsMcHoT4mBu2kypKoSKnghEzOOq5Q=="
    },
    "node_modules/@noble/curves": {
      "version": "1.2.0",
      "resolved": "https://registry.npmjs.org/@noble/curves/-/curves-1.2.0.tgz",
      "integrity": "sha512-oYclrNgRaM9SsBUBVbb8M6DTV7ZHRTKugureoYEncY5c65HOmRzvSiTE3y5CYaPYJA/GVkrhXEoF0M3Ya9PMnw==",
      "dependencies": {
        "@noble/hashes": "1.3.2"
      },
      "funding": {
        "url": "https://paulmillr.com/funding/"
      }
    },
    "node_modules/@noble/hashes": {
      "version": "1.3.2",
      "resolved": "https://registry.npmjs.org/@noble/hashes/-/hashes-1.3.2.tgz",
      "integrity": "sha512-MVC8EAQp7MvEcm30KWENFjgR+Mkmf+D189XJTkFIlwohU5hcBbn1ZkKq7KVTi2Hme3PMGF390DaL52beVrIihQ==",
      "engines": {
        "node": ">= 16"
      },
      "funding": {
        "url": "https://paulmillr.com/funding/"
      }
    },
    "node_modules/@types/node": {
      "version": "18.15.13",
      "resolved": "https://registry.npmjs.org/@types/node/-/node-18.15.13.tgz",
      "integrity": "sha512-N+0kuo9KgrUQ1Sn/ifDXsvg0TTleP7rIy4zOBGECxAljqvqfqpTfzx0Q1NUedOixRMBfe2Whhb056a42cWs26Q=="
    },
    "node_modules/aes-js": {
      "version": "4.0.0-beta.5",
      "resolved": "https://registry.npmjs.org/aes-js/-/aes-js-4.0.0-beta.5.tgz",
      "integrity": "sha512-G965FqalsNyrPqgEGON7nIx1e/OVENSgiEIzyC63haUMuvNnwIgIjMs52hlTCKhkBny7A2ORNlfY9Zu+jmGk1Q=="
    },
    "node_modules/ajax-caching": {
      "version": "0.1.2",
      "resolved": "https://registry.npmjs.org/ajax-caching/-/ajax-caching-0.1.2.tgz",
      "integrity": "sha512-sR4BataOHBqyhzfjhY6XlmaL6ifysUn1YwoN2PoToKwB0vGZ0G8opPMiBwQfIZ4MGc1YX4M3UlZzGnXcsIE88Q==",
      "dependencies": {
        "kv-idb": "^1.1.0"
      }
    },
    "node_modules/async": {
      "version": "3.2.5",
      "resolved": "https://registry.npmjs.org/async/-/async-3.2.5.tgz",
      "integrity": "sha512-baNZyqaaLhyLVKm/DlvdW051MSgO6b8eVfIezl9E5PqWxFgzLm/wQntEW4zOytVburDEr0JlALEpdOFwvErLsg=="
    },
    "node_modules/duplexer": {
      "version": "0.1.2",
      "resolved": "https://registry.npmjs.org/duplexer/-/duplexer-0.1.2.tgz",
      "integrity": "sha512-jtD6YG370ZCIi/9GTaJKQxWTZD045+4R4hTk/x1UyoqadyJ9x9CgSi1RlVDQF8U2sxLLSnFkCaMihqljHIWgMg=="
    },
    "node_modules/ethers": {
      "version": "6.10.0",
      "resolved": "https://registry.npmjs.org/ethers/-/ethers-6.10.0.tgz",
      "integrity": "sha512-nMNwYHzs6V1FR3Y4cdfxSQmNgZsRj1RiTU25JwvnJLmyzw9z3SKxNc2XKDuiXXo/v9ds5Mp9m6HBabgYQQ26tA==",
      "funding": [
        {
          "type": "individual",
          "url": "https://github.com/sponsors/ethers-io/"
        },
        {
          "type": "individual",
          "url": "https://www.buymeacoffee.com/ricmoo"
        }
      ],
      "dependencies": {
        "@adraffy/ens-normalize": "1.10.0",
        "@noble/curves": "1.2.0",
        "@noble/hashes": "1.3.2",
        "@types/node": "18.15.13",
        "aes-js": "4.0.0-beta.5",
        "tslib": "2.4.0",
        "ws": "8.5.0"
      },
      "engines": {
        "node": ">=14.0.0"
      }
    },
    "node_modules/event-stream": {
      "version": "4.0.1",
      "resolved": "https://registry.npmjs.org/event-stream/-/event-stream-4.0.1.tgz",
      "integrity": "sha512-qACXdu/9VHPBzcyhdOWR5/IahhGMf0roTeZJfzz077GwylcDd90yOHLouhmv7GJ5XzPi6ekaQWd8AvPP2nOvpA==",
      "dependencies": {
        "duplexer": "^0.1.1",
        "from": "^0.1.7",
        "map-stream": "0.0.7",
        "pause-stream": "^0.0.11",
        "split": "^1.0.1",
        "stream-combiner": "^0.2.2",
        "through": "^2.3.8"
      }
    },
    "node_modules/from": {
      "version": "0.1.7",
      "resolved": "https://registry.npmjs.org/from/-/from-0.1.7.tgz",
      "integrity": "sha512-twe20eF1OxVxp/ML/kq2p1uc6KvFK/+vs8WjEbeKmV2He22MKm7YF2ANIt+EOqhJ5L3K/SuuPhk0hWQDjOM23g=="
    },
    "node_modules/kv-idb": {
      "version": "1.1.0",
      "resolved": "https://registry.npmjs.org/kv-idb/-/kv-idb-1.1.0.tgz",
      "integrity": "sha512-H1qsvb/rZcJX573DGonc6l1hNG283JfnmBck83aiLmjI1nwaiudUinjzaWmwa8QZkjHsMUDkXm4D1k4ewjlo/g=="
    },
    "node_modules/lodash": {
      "version": "4.17.21",
      "resolved": "https://registry.npmjs.org/lodash/-/lodash-4.17.21.tgz",
      "integrity": "sha512-v2kDEe57lecTulaDIuNTPy3Ry4gLGJ6Z1O3vE1krgXZNrsQ+LFTGHVxVjcXPs17LhbZVGedAJv8XZ1tvj5FvSg=="
    },
    "node_modules/lodash.assign": {
      "version": "4.2.0",
      "resolved": "https://registry.npmjs.org/lodash.assign/-/lodash.assign-4.2.0.tgz",
      "integrity": "sha512-hFuH8TY+Yji7Eja3mGiuAxBqLagejScbG8GbG0j6o9vzn0YL14My+ktnqtZgFTosKymC9/44wP6s7xyuLfnClw=="
    },
    "node_modules/map-stream": {
      "version": "0.0.7",
      "resolved": "https://registry.npmjs.org/map-stream/-/map-stream-0.0.7.tgz",
      "integrity": "sha512-C0X0KQmGm3N2ftbTGBhSyuydQ+vV1LC3f3zPvT3RXHXNZrvfPZcoXp/N5DOa8vedX/rTMm2CjTtivFg2STJMRQ=="
    },
    "node_modules/mingo": {
      "version": "6.4.10",
      "resolved": "https://registry.npmjs.org/mingo/-/mingo-6.4.10.tgz",
      "integrity": "sha512-/pOGeZKcZrKKw8YkCMKn9+XPiUYeNhkfaVbTn9tqvZvfccxf1idk8ezSulecZmPdKJLibNDtp4UBfDK3nzvMrQ=="
    },
    "node_modules/pause-stream": {
      "version": "0.0.11",
      "resolved": "https://registry.npmjs.org/pause-stream/-/pause-stream-0.0.11.tgz",
      "integrity": "sha512-e3FBlXLmN/D1S+zHzanP4E/4Z60oFAa3O051qt1pxa7DEJWKAyil6upYVXCWadEnuoqa4Pkc9oUx9zsxYeRv8A==",
      "dependencies": {
        "through": "~2.3"
      }
    },
    "node_modules/resolve-github": {
      "version": "0.2.0",
      "resolved": "https://registry.npmjs.org/resolve-github/-/resolve-github-0.2.0.tgz",
      "integrity": "sha512-Ocaoo1zeCaNPduCzzPLtUvoUOmbzjyBs4Eq/jEzZkknzhuH53roeD8NUHg9ZjwDBpcuMiOqaoiskAnURKxopag==",
      "dependencies": {
        "solc-import": "0.0.2"
      }
    },
    "node_modules/resolve-http": {
      "version": "0.2.0",
      "resolved": "https://registry.npmjs.org/resolve-http/-/resolve-http-0.2.0.tgz",
      "integrity": "sha512-XInHhoHbU4wwLXcrWB1ULPN/RzEzopenfePeykv9IssY1oF1evUDIBMODMJpYl3zxRZsqqOHsrA8lcb/4ZsvgQ==",
      "dependencies": {
        "solc-import": "0.0.2"
      }
    },
    "node_modules/resolve-ipfs": {
      "version": "0.1.0",
      "resolved": "https://registry.npmjs.org/resolve-ipfs/-/resolve-ipfs-0.1.0.tgz",
      "integrity": "sha512-TLvn09WQ01AZTFoZK1aSidmdUnCxQfTuehEutF6w8kRoXw1hL3jlDw5djKJlIVADihXp2HWguZR4hZXAtLkFSw=="
    },
    "node_modules/resolve-swarm": {
      "version": "0.1.0",
      "resolved": "https://registry.npmjs.org/resolve-swarm/-/resolve-swarm-0.1.0.tgz",
      "integrity": "sha512-fhI2FSkN6SLUJCWf7Svf3rW9AdSxS4KQCJzvAPSJZRmg1bPz+Ek/fRmNUkv5ihtrNiW8wury+XxQZoS+6LbHHg=="
    },
    "node_modules/save": {
      "version": "2.9.0",
      "resolved": "https://registry.npmjs.org/save/-/save-2.9.0.tgz",
      "integrity": "sha512-eg8+g8CjvehE/2C6EbLdtK1pINVD27pcJLj4M9PjWWhoeha/y5bWf4dp/0RF+OzbKTcG1bae9qi3PAqiR8CJTg==",
      "dependencies": {
        "async": "^3.2.2",
        "event-stream": "^4.0.1",
        "lodash.assign": "^4.2.0",
        "mingo": "^6.1.0"
      }
    },
    "node_modules/solc-import": {
      "version": "0.0.2",
      "resolved": "https://registry.npmjs.org/solc-import/-/solc-import-0.0.2.tgz",
      "integrity": "sha512-NQMUiz2c1xm62Q1VhgTGa2DUQWr6bIpPIJxDhg77YPfCyrq4GO/o1BP0brp9gTpNzjYODG9I2Wh8vB8eJxFjXA=="
    },
    "node_modules/solc-js": {
      "version": "1.0.1",
      "resolved": "https://registry.npmjs.org/solc-js/-/solc-js-1.0.1.tgz",
      "integrity": "sha512-+DjNJLfbOteWSkGLiWUBPvhFa4iq6Eo/a7rrVNz/B79Oz0DiwMha6kPrfZbYcTQ0ZbZBlVGB2EXAipKFI4kJHw==",
      "dependencies": {
        "ajax-caching": "^0.1.0",
        "kv-idb": "^1.0.0",
        "resolve-github": "^0.2.0",
        "resolve-http": "^0.2.0",
        "resolve-ipfs": "^0.1.0",
        "resolve-swarm": "^0.1.0",
        "solc-import": "^0.0.2",
        "solc-resolver": "^0.2.1",
        "solc-version": "^0.1.6",
        "solcjs-core": "^0.6.0"
      }
    },
    "node_modules/solc-resolver": {
      "version": "0.2.3",
      "resolved": "https://registry.npmjs.org/solc-resolver/-/solc-resolver-0.2.3.tgz",
      "integrity": "sha512-nYji6nNFWauxzSDUNGWCcRJxy18MTDezYFpP2j+dFf0eDUY5G1e7XyJosyVIsddrUk8MCTBecZ8kFi5wS7cfZQ==",
      "dependencies": {
        "solc-import": "^0.0.2"
      }
    },
    "node_modules/solc-version": {
      "version": "0.1.6",
      "resolved": "https://registry.npmjs.org/solc-version/-/solc-version-0.1.6.tgz",
      "integrity": "sha512-oGi7NQUQJf9xFQBIkUEm2NMOWhezgSEfyR8EOBv0okdgNkKZg8LUJIJ3G1czdwgUkAQPMpVRxqCE/JK4B+cCmw==",
      "dependencies": {
        "ajax-caching": "^0.1.0"
      }
    },
    "node_modules/solcjs-core": {
      "version": "0.6.0",
      "resolved": "https://registry.npmjs.org/solcjs-core/-/solcjs-core-0.6.0.tgz",
      "integrity": "sha512-PSuiSMMFnjQSn2PMr/Ae4kYPum+NVneZDA5hiZrOhG59t4gDRPt0bSdRjdlVgWFmTQTqsd5aJ9u+P0x7L7lJDg==",
      "dependencies": {
        "ajax-caching": "^0.2.0",
        "solc-import": "^0.0.2",
        "solc-version": "^0.2.0"
      }
    },
    "node_modules/solcjs-core/node_modules/ajax-caching": {
      "version": "0.2.0",
      "resolved": "https://registry.npmjs.org/ajax-caching/-/ajax-caching-0.2.0.tgz",
      "integrity": "sha512-WUDWUS1V/I3qquf4fxZECiaAbtN7apPzfkpfyvE4nBIT6FInwYT8smrmDJOL/FqQAwGQOJh4gEseBg0xcOj7Qw==",
      "dependencies": {
        "kv-idb": "^1.1.0"
      }
    },
    "node_modules/solcjs-core/node_modules/solc-version": {
      "version": "0.2.2",
      "resolved": "https://registry.npmjs.org/solc-version/-/solc-version-0.2.2.tgz",
      "integrity": "sha512-CNdemSq0W0OcSD6B9OYkUmJaWuQOX5YMEYUJ5vkHFJwwCnFnmE/jAW08wLexaH/+XbMTsrV1IxcAnHnx3STHrQ==",
      "dependencies": {
        "ajax-caching": "^0.2.0",
        "lodash": "^4.17.15"
      }
    },
    "node_modules/split": {
      "version": "1.0.1",
      "resolved": "https://registry.npmjs.org/split/-/split-1.0.1.tgz",
      "integrity": "sha512-mTyOoPbrivtXnwnIxZRFYRrPNtEFKlpB2fvjSnCQUiAA6qAZzqwna5envK4uk6OIeP17CsdF3rSBGYVBsU0Tkg==",
      "dependencies": {
        "through": "2"
      },
      "engines": {
        "node": "*"
      }
    },
    "node_modules/stream-combiner": {
      "version": "0.2.2",
      "resolved": "https://registry.npmjs.org/stream-combiner/-/stream-combiner-0.2.2.tgz",
      "integrity": "sha512-6yHMqgLYDzQDcAkL+tjJDC5nSNuNIx0vZtRZeiPh7Saef7VHX9H5Ijn9l2VIol2zaNYlYEX6KyuT/237A58qEQ==",
      "dependencies": {
        "duplexer": "~0.1.1",
        "through": "~2.3.4"
      }
    },
    "node_modules/through": {
      "version": "2.3.8",
      "resolved": "https://registry.npmjs.org/through/-/through-2.3.8.tgz",
      "integrity": "sha512-w89qg7PI8wAdvX60bMDP+bFoD5Dvhm9oLheFp5O4a2QF0cSBGsBX4qZmadPMvVqlLJBBci+WqGGOAPvcDeNSVg=="
    },
    "node_modules/tslib": {
      "version": "2.4.0",
      "resolved": "https://registry.npmjs.org/tslib/-/tslib-2.4.0.tgz",
      "integrity": "sha512-d6xOpEDfsi2CZVlPQzGeux8XMwLT9hssAsaPYExaQMuYskwb+x1x7J371tWlbBdWHroy99KnVB6qIkUbs5X3UQ=="
    },
    "node_modules/ws": {
      "version": "8.5.0",
      "resolved": "https://registry.npmjs.org/ws/-/ws-8.5.0.tgz",
      "integrity": "sha512-BWX0SWVgLPzYwF8lTzEy1egjhS4S4OEAHfsO8o65WOVsrnSRGaSiUaa9e0ggGlkMTtBlmOpEXiie9RUcBO86qg==",
      "engines": {
        "node": ">=10.0.0"
      },
      "peerDependencies": {
        "bufferutil": "^4.0.1",
        "utf-8-validate": "^5.0.2"
      },
      "peerDependenciesMeta": {
        "bufferutil": {
          "optional": true
        },
        "utf-8-validate": {
          "optional": true
        }
      }
    }
  }
}
